
Microsoft Visual Studio Solution File, Format Version 12.00
# Visual Studio Version 16
VisualStudioVersion = 16.0.28729.10
MinimumVisualStudioVersion = 10.0.40219.1
Project("{FAE04EC0-301F-11D3-BF4B-00C04F79EFBC}") = "DbUp.PlanFileScriptProvider", "DbUp.PlanFileScriptProvider\DbUp.PlanFileScriptProvider.csproj", "{D5E24DC7-C70B-4C90-B4DE-BDE3B202C974}"
EndProject
Global
	GlobalSection(SolutionConfigurationPlatforms) = preSolution
		Debug|Any CPU = Debug|Any CPU
		Release|Any CPU = Release|Any CPU
	EndGlobalSection
	GlobalSection(ProjectConfigurationPlatforms) = postSolution
		{D5E24DC7-C70B-4C90-B4DE-BDE3B202C974}.Debug|Any CPU.ActiveCfg = Debug|Any CPU
		{D5E24DC7-C70B-4C90-B4DE-BDE3B202C974}.Debug|Any CPU.Build.0 = Debug|Any CPU
		{D5E24DC7-C70B-4C90-B4DE-BDE3B202C974}.Release|Any CPU.ActiveCfg = Release|Any CPU
		{D5E24DC7-C70B-4C90-B4DE-BDE3B202C974}.Release|Any CPU.Build.0 = Release|Any CPU
	EndGlobalSection
	GlobalSection(SolutionProperties) = preSolution
		HideSolutionNode = FALSE
	EndGlobalSection
	GlobalSection(ExtensibilityGlobals) = postSolution
		SolutionGuid = {8ABCFEB4-A0B8-4400-8453-86DD770C6145}
	EndGlobalSection
EndGlobal
